
Microsoft Visual Studio Solution File, Format Version 12.00
# Visual Studio Version 16
VisualStudioVersion = 16.0.29911.84
MinimumVisualStudioVersion = 10.0.40219.1
Project("{FAE04EC0-301F-11D3-BF4B-00C04F79EFBC}") = "Hello World Template", "Hello World Template\Hello World Template.csproj", "{D2CA7767-0CF4-47A0-AA0F-1353575C2D76}"
EndProject
Global
	GlobalSection(SolutionConfigurationPlatforms) = preSolution
		Debug|Any CPU = Debug|Any CPU
		Release|Any CPU = Release|Any CPU
	EndGlobalSection
	GlobalSection(ProjectConfigurationPlatforms) = postSolution
		{D2CA7767-0CF4-47A0-AA0F-1353575C2D76}.Debug|Any CPU.ActiveCfg = Debug|Any CPU
		{D2CA7767-0CF4-47A0-AA0F-1353575C2D76}.Debug|Any CPU.Build.0 = Debug|Any CPU
		{D2CA7767-0CF4-47A0-AA0F-1353575C2D76}.Release|Any CPU.ActiveCfg = Release|Any CPU
		{D2CA7767-0CF4-47A0-AA0F-1353575C2D76}.Release|Any CPU.Build.0 = Release|Any CPU
	EndGlobalSection
	GlobalSection(SolutionProperties) = preSolution
		HideSolutionNode = FALSE
	EndGlobalSection
	GlobalSection(ExtensibilityGlobals) = postSolution
		SolutionGuid = {D298F285-E3F3-4EBD-B474-C98982E7C68A}
	EndGlobalSection
EndGlobal
